{
  "originHash" : "29888790d3a035b402725066078450bee379b3bed0f3ccf55ed2587f59d5afda",
  "pins" : [
    {
      "identity" : "swift-confidential",
      "kind" : "remoteSourceControl",
      "location" : "https://github.com/securevale/swift-confidential",
      "state" : {
        "revision" : "7f571ab0df5b0ffd4b26b92b9dd8f21d6b3a6ca8",
        "version" : "0.4.1"
      }
    }
  ],
  "version" : 3
}
