// !$*UTF8*$!
{
	archiveVersion = 1;
	classes = {
	};
	objectVersion = 63;
	objects = {

/* Begin PBXBuildFile section */
		8F3EB9A62E413AFA00489DB2 /* Store.swift in Sources */ = {isa = PBXBuildFile; fileRef = 8F3EB9A52E413AFA00489DB2 /* Store.swift */; };
		8F3EB9A92E413B9100489DB2 /* platform.swift in Sources */ = {isa = PBXBuildFile; fileRef = 8F3EB9A82E413B9100489DB2 /* platform.swift */; };
		8F3EB9AB2E413E7C00489DB2 /* GameItem.swift in Sources */ = {isa = PBXBuildFile; fileRef = 8F3EB9AA2E413E7C00489DB2 /* GameItem.swift */; };
		8F759EB82E42B32500866D77 /* Game+Extension.swift in Sources */ = {isa = PBXBuildFile; fileRef = 8F759EB72E42B32500866D77 /* Game+Extension.swift */; };
		8F759EBD2E42F68C00866D77 /* GameLabel.swift in Sources */ = {isa = PBXBuildFile; fileRef = 8F759EBC2E42F68C00866D77 /* GameLabel.swift */; };
		8FF9EC7C2E331BC8005A118D /* GameExplorerRemasteredApp.swift in Sources */ = {isa = PBXBuildFile; fileRef = 8FF9EC7B2E331BC8005A118D /* GameExplorerRemasteredApp.swift */; };
		8FF9EC7E2E331BC8005A118D /* ContentView.swift in Sources */ = {isa = PBXBuildFile; fileRef = 8FF9EC7D2E331BC8005A118D /* ContentView.swift */; };
		8FF9EC802E331BCA005A118D /* Assets.xcassets in Resources */ = {isa = PBXBuildFile; fileRef = 8FF9EC7F2E331BCA005A118D /* Assets.xcassets */; };
		8FF9EC832E331BCA005A118D /* Preview Assets.xcassets in Resources */ = {isa = PBXBuildFile; fileRef = 8FF9EC822E331BCA005A118D /* Preview Assets.xcassets */; };
		8FF9EC8D2E331BCA005A118D /* GameExplorerRemasteredTests.swift in Sources */ = {isa = PBXBuildFile; fileRef = 8FF9EC8C2E331BCA005A118D /* GameExplorerRemasteredTests.swift */; };
		8FF9EC972E331BCA005A118D /* GameExplorerRemasteredUITests.swift in Sources */ = {isa = PBXBuildFile; fileRef = 8FF9EC962E331BCA005A118D /* GameExplorerRemasteredUITests.swift */; };
		8FF9EC992E331BCA005A118D /* GameExplorerRemasteredUITestsLaunchTests.swift in Sources */ = {isa = PBXBuildFile; fileRef = 8FF9EC982E331BCA005A118D /* GameExplorerRemasteredUITestsLaunchTests.swift */; };
		8FF9ECAA2E34A02D005A118D /* MenuView.swift in Sources */ = {isa = PBXBuildFile; fileRef = 8FF9ECA92E34A02D005A118D /* MenuView.swift */; };
		8FF9ECB02E37DC1C005A118D /* Game.swift in Sources */ = {isa = PBXBuildFile; fileRef = 8FF9ECAF2E37DC1C005A118D /* Game.swift */; };
		8FF9ECB32E37DF6C005A118D /* RAWGAPI.swift in Sources */ = {isa = PBXBuildFile; fileRef = 8FF9ECB22E37DF6C005A118D /* RAWGAPI.swift */; };
		8FF9ECB62E37EAF3005A118D /* RAWGAPI+EndPoints.swift in Sources */ = {isa = PBXBuildFile; fileRef = 8FF9ECB52E37EAF3005A118D /* RAWGAPI+EndPoints.swift */; };
		8FF9ECD52E396BFC005A118D /* GameCarousel.swift in Sources */ = {isa = PBXBuildFile; fileRef = 8FF9ECD42E396BFC005A118D /* GameCarousel.swift */; };
		8FF9ECD72E396E20005A118D /* GameText.swift in Sources */ = {isa = PBXBuildFile; fileRef = 8FF9ECD62E396E20005A118D /* GameText.swift */; };
		8FF9ECD92E396FFD005A118D /* GameButton.swift in Sources */ = {isa = PBXBuildFile; fileRef = 8FF9ECD82E396FFD005A118D /* GameButton.swift */; };
		8FF9ECDB2E3970A4005A118D /* NetworkService.swift in Sources */ = {isa = PBXBuildFile; fileRef = 8FF9ECDA2E3970A4005A118D /* NetworkService.swift */; };
		8FF9ECDD2E3970DE005A118D /* NetworkServiceProtocol.swift in Sources */ = {isa = PBXBuildFile; fileRef = 8FF9ECDC2E3970DE005A118D /* NetworkServiceProtocol.swift */; };
		8FF9ECE02E3971F1005A118D /* ButtonType.swift in Sources */ = {isa = PBXBuildFile; fileRef = 8FF9ECDF2E3971F1005A118D /* ButtonType.swift */; };
		8FF9ECE32E39733B005A118D /* GameRepositoryProtocol.swift in Sources */ = {isa = PBXBuildFile; fileRef = 8FF9ECE22E39733B005A118D /* GameRepositoryProtocol.swift */; };
		8FF9ECE52E39736F005A118D /* GameRepository.swift in Sources */ = {isa = PBXBuildFile; fileRef = 8FF9ECE42E39736F005A118D /* GameRepository.swift */; };
/* End PBXBuildFile section */

/* Begin PBXContainerItemProxy section */
		8FF9EC892E331BCA005A118D /* PBXContainerItemProxy */ = {
			isa = PBXContainerItemProxy;
			containerPortal = 8FF9EC702E331BC8005A118D /* Project object */;
			proxyType = 1;
			remoteGlobalIDString = 8FF9EC772E331BC8005A118D;
			remoteInfo = GameExplorerRemastered;
		};
		8FF9EC932E331BCA005A118D /* PBXContainerItemProxy */ = {
			isa = PBXContainerItemProxy;
			containerPortal = 8FF9EC702E331BC8005A118D /* Project object */;
			proxyType = 1;
			remoteGlobalIDString = 8FF9EC772E331BC8005A118D;
			remoteInfo = GameExplorerRemastered;
		};
/* End PBXContainerItemProxy section */

/* Begin PBXFileReference section */
		8F3EB9A52E413AFA00489DB2 /* Store.swift */ = {isa = PBXFileReference; lastKnownFileType = sourcecode.swift; path = Store.swift; sourceTree = "<group>"; };
		8F3EB9A82E413B9100489DB2 /* platform.swift */ = {isa = PBXFileReference; lastKnownFileType = sourcecode.swift; path = platform.swift; sourceTree = "<group>"; };
		8F3EB9AA2E413E7C00489DB2 /* GameItem.swift */ = {isa = PBXFileReference; lastKnownFileType = sourcecode.swift; path = GameItem.swift; sourceTree = "<group>"; };
		8F759EB72E42B32500866D77 /* Game+Extension.swift */ = {isa = PBXFileReference; lastKnownFileType = sourcecode.swift; path = "Game+Extension.swift"; sourceTree = "<group>"; };
		8F759EBC2E42F68C00866D77 /* GameLabel.swift */ = {isa = PBXFileReference; lastKnownFileType = sourcecode.swift; path = GameLabel.swift; sourceTree = "<group>"; };
		8FF9EC782E331BC8005A118D /* GameExplorerRemastered.app */ = {isa = PBXFileReference; explicitFileType = wrapper.application; includeInIndex = 0; path = GameExplorerRemastered.app; sourceTree = BUILT_PRODUCTS_DIR; };
		8FF9EC7B2E331BC8005A118D /* GameExplorerRemasteredApp.swift */ = {isa = PBXFileReference; lastKnownFileType = sourcecode.swift; path = GameExplorerRemasteredApp.swift; sourceTree = "<group>"; };
		8FF9EC7D2E331BC8005A118D /* ContentView.swift */ = {isa = PBXFileReference; lastKnownFileType = sourcecode.swift; path = ContentView.swift; sourceTree = "<group>"; };
		8FF9EC7F2E331BCA005A118D /* Assets.xcassets */ = {isa = PBXFileReference; lastKnownFileType = folder.assetcatalog; path = Assets.xcassets; sourceTree = "<group>"; };
		8FF9EC822E331BCA005A118D /* Preview Assets.xcassets */ = {isa = PBXFileReference; lastKnownFileType = folder.assetcatalog; path = "Preview Assets.xcassets"; sourceTree = "<group>"; };
		8FF9EC882E331BCA005A118D /* GameExplorerRemasteredTests.xctest */ = {isa = PBXFileReference; explicitFileType = wrapper.cfbundle; includeInIndex = 0; path = GameExplorerRemasteredTests.xctest; sourceTree = BUILT_PRODUCTS_DIR; };
		8FF9EC8C2E331BCA005A118D /* GameExplorerRemasteredTests.swift */ = {isa = PBXFileReference; lastKnownFileType = sourcecode.swift; path = GameExplorerRemasteredTests.swift; sourceTree = "<group>"; };
		8FF9EC922E331BCA005A118D /* GameExplorerRemasteredUITests.xctest */ = {isa = PBXFileReference; explicitFileType = wrapper.cfbundle; includeInIndex = 0; path = GameExplorerRemasteredUITests.xctest; sourceTree = BUILT_PRODUCTS_DIR; };
		8FF9EC962E331BCA005A118D /* GameExplorerRemasteredUITests.swift */ = {isa = PBXFileReference; lastKnownFileType = sourcecode.swift; path = GameExplorerRemasteredUITests.swift; sourceTree = "<group>"; };
		8FF9EC982E331BCA005A118D /* GameExplorerRemasteredUITestsLaunchTests.swift */ = {isa = PBXFileReference; lastKnownFileType = sourcecode.swift; path = GameExplorerRemasteredUITestsLaunchTests.swift; sourceTree = "<group>"; };
		8FF9ECA92E34A02D005A118D /* MenuView.swift */ = {isa = PBXFileReference; lastKnownFileType = sourcecode.swift; path = MenuView.swift; sourceTree = "<group>"; };
		8FF9ECAF2E37DC1C005A118D /* Game.swift */ = {isa = PBXFileReference; lastKnownFileType = sourcecode.swift; path = Game.swift; sourceTree = "<group>"; };
		8FF9ECB22E37DF6C005A118D /* RAWGAPI.swift */ = {isa = PBXFileReference; lastKnownFileType = sourcecode.swift; path = RAWGAPI.swift; sourceTree = "<group>"; };
		8FF9ECB42E37E81C005A118D /* Info.plist */ = {isa = PBXFileReference; lastKnownFileType = text.plist; path = Info.plist; sourceTree = "<group>"; };
		8FF9ECB52E37EAF3005A118D /* RAWGAPI+EndPoints.swift */ = {isa = PBXFileReference; lastKnownFileType = sourcecode.swift; path = "RAWGAPI+EndPoints.swift"; sourceTree = "<group>"; };
		8FF9ECD42E396BFC005A118D /* GameCarousel.swift */ = {isa = PBXFileReference; lastKnownFileType = sourcecode.swift; path = GameCarousel.swift; sourceTree = "<group>"; };
		8FF9ECD62E396E20005A118D /* GameText.swift */ = {isa = PBXFileReference; lastKnownFileType = sourcecode.swift; path = GameText.swift; sourceTree = "<group>"; };
		8FF9ECD82E396FFD005A118D /* GameButton.swift */ = {isa = PBXFileReference; lastKnownFileType = sourcecode.swift; path = GameButton.swift; sourceTree = "<group>"; };
		8FF9ECDA2E3970A4005A118D /* NetworkService.swift */ = {isa = PBXFileReference; lastKnownFileType = sourcecode.swift; path = NetworkService.swift; sourceTree = "<group>"; };
		8FF9ECDC2E3970DE005A118D /* NetworkServiceProtocol.swift */ = {isa = PBXFileReference; lastKnownFileType = sourcecode.swift; path = NetworkServiceProtocol.swift; sourceTree = "<group>"; };
		8FF9ECDF2E3971F1005A118D /* ButtonType.swift */ = {isa = PBXFileReference; lastKnownFileType = sourcecode.swift; path = ButtonType.swift; sourceTree = "<group>"; };
		8FF9ECE22E39733B005A118D /* GameRepositoryProtocol.swift */ = {isa = PBXFileReference; lastKnownFileType = sourcecode.swift; path = GameRepositoryProtocol.swift; sourceTree = "<group>"; };
		8FF9ECE42E39736F005A118D /* GameRepository.swift */ = {isa = PBXFileReference; lastKnownFileType = sourcecode.swift; path = GameRepository.swift; sourceTree = "<group>"; };
/* End PBXFileReference section */

/* Begin PBXFrameworksBuildPhase section */
		8FF9EC752E331BC8005A118D /* Frameworks */ = {
			isa = PBXFrameworksBuildPhase;
			buildActionMask = 2147483647;
			files = (
			);
			runOnlyForDeploymentPostprocessing = 0;
		};
		8FF9EC852E331BCA005A118D /* Frameworks */ = {
			isa = PBXFrameworksBuildPhase;
			buildActionMask = 2147483647;
			files = (
			);
			runOnlyForDeploymentPostprocessing = 0;
		};
		8FF9EC8F2E331BCA005A118D /* Frameworks */ = {
			isa = PBXFrameworksBuildPhase;
			buildActionMask = 2147483647;
			files = (
			);
			runOnlyForDeploymentPostprocessing = 0;
		};
/* End PBXFrameworksBuildPhase section */

/* Begin PBXGroup section */
		8F3EB9A72E413B7700489DB2 /* plateforms */ = {
			isa = PBXGroup;
			children = (
				8F3EB9A82E413B9100489DB2 /* platform.swift */,
			);
			path = plateforms;
			sourceTree = "<group>";
		};
		8F759EB62E42B2F600866D77 /* GameModels */ = {
			isa = PBXGroup;
			children = (
				8FF9ECAF2E37DC1C005A118D /* Game.swift */,
				8F759EB72E42B32500866D77 /* Game+Extension.swift */,
			);
			path = GameModels;
			sourceTree = "<group>";
		};
		8FF9EC6F2E331BC8005A118D = {
			isa = PBXGroup;
			children = (
				8FF9EC7A2E331BC8005A118D /* GameExplorerRemastered */,
				8FF9EC8B2E331BCA005A118D /* GameExplorerRemasteredTests */,
				8FF9EC952E331BCA005A118D /* GameExplorerRemasteredUITests */,
				8FF9EC792E331BC8005A118D /* Products */,
			);
			sourceTree = "<group>";
		};
		8FF9EC792E331BC8005A118D /* Products */ = {
			isa = PBXGroup;
			children = (
				8FF9EC782E331BC8005A118D /* GameExplorerRemastered.app */,
				8FF9EC882E331BCA005A118D /* GameExplorerRemasteredTests.xctest */,
				8FF9EC922E331BCA005A118D /* GameExplorerRemasteredUITests.xctest */,
			);
			name = Products;
			sourceTree = "<group>";
		};
		8FF9EC7A2E331BC8005A118D /* GameExplorerRemastered */ = {
			isa = PBXGroup;
			children = (
				8FF9ECB42E37E81C005A118D /* Info.plist */,
				8FF9ECA72E335F47005A118D /* Services */,
				8FF9ECA62E335F3A005A118D /* Resourses */,
				8FF9ECA52E335F2A005A118D /* Features */,
				8FF9EC7F2E331BCA005A118D /* Assets.xcassets */,
				8FF9EC812E331BCA005A118D /* Preview Content */,
			);
			path = GameExplorerRemastered;
			sourceTree = "<group>";
		};
		8FF9EC812E331BCA005A118D /* Preview Content */ = {
			isa = PBXGroup;
			children = (
				8FF9EC822E331BCA005A118D /* Preview Assets.xcassets */,
			);
			path = "Preview Content";
			sourceTree = "<group>";
		};
		8FF9EC8B2E331BCA005A118D /* GameExplorerRemasteredTests */ = {
			isa = PBXGroup;
			children = (
				8FF9EC8C2E331BCA005A118D /* GameExplorerRemasteredTests.swift */,
			);
			path = GameExplorerRemasteredTests;
			sourceTree = "<group>";
		};
		8FF9EC952E331BCA005A118D /* GameExplorerRemasteredUITests */ = {
			isa = PBXGroup;
			children = (
				8FF9EC962E331BCA005A118D /* GameExplorerRemasteredUITests.swift */,
				8FF9EC982E331BCA005A118D /* GameExplorerRemasteredUITestsLaunchTests.swift */,
			);
			path = GameExplorerRemasteredUITests;
			sourceTree = "<group>";
		};
		8FF9ECA52E335F2A005A118D /* Features */ = {
			isa = PBXGroup;
			children = (
				8F3EB9A72E413B7700489DB2 /* plateforms */,
				8FF9ECAB2E37DBD1005A118D /* Games */,
				8FF9ECA82E349FD3005A118D /* Core */,
			);
			path = Features;
			sourceTree = "<group>";
		};
		8FF9ECA62E335F3A005A118D /* Resourses */ = {
			isa = PBXGroup;
			children = (
				8FF9ECD32E396BA0005A118D /* CommonComponent */,
			);
			path = Resourses;
			sourceTree = "<group>";
		};
		8FF9ECA72E335F47005A118D /* Services */ = {
			isa = PBXGroup;
			children = (
				8FF9ECE12E3972DD005A118D /* GameServices */,
				8FF9ECB12E37DF2D005A118D /* Networking */,
			);
			path = Services;
			sourceTree = "<group>";
		};
		8FF9ECA82E349FD3005A118D /* Core */ = {
			isa = PBXGroup;
			children = (
				8FF9ECA92E34A02D005A118D /* MenuView.swift */,
				8FF9EC7B2E331BC8005A118D /* GameExplorerRemasteredApp.swift */,
				8FF9EC7D2E331BC8005A118D /* ContentView.swift */,
			);
			path = Core;
			sourceTree = "<group>";
		};
		8FF9ECAB2E37DBD1005A118D /* Games */ = {
			isa = PBXGroup;
			children = (
				8FF9ECAE2E37DC01005A118D /* ViewModel */,
				8FF9ECAD2E37DBEA005A118D /* Model */,
				8FF9ECAC2E37DBDE005A118D /* Views */,
			);
			path = Games;
			sourceTree = "<group>";
		};
		8FF9ECAC2E37DBDE005A118D /* Views */ = {
			isa = PBXGroup;
			children = (
				8F3EB9AA2E413E7C00489DB2 /* GameItem.swift */,
			);
			path = Views;
			sourceTree = "<group>";
		};
		8FF9ECAD2E37DBEA005A118D /* Model */ = {
			isa = PBXGroup;
			children = (
				8F759EB62E42B2F600866D77 /* GameModels */,
				8F3EB9A52E413AFA00489DB2 /* Store.swift */,
			);
			path = Model;
			sourceTree = "<group>";
		};
		8FF9ECAE2E37DC01005A118D /* ViewModel */ = {
			isa = PBXGroup;
			children = (
			);
			path = ViewModel;
			sourceTree = "<group>";
		};
		8FF9ECB12E37DF2D005A118D /* Networking */ = {
			isa = PBXGroup;
			children = (
				8FF9ECDA2E3970A4005A118D /* NetworkService.swift */,
				8FF9ECDC2E3970DE005A118D /* NetworkServiceProtocol.swift */,
				8FF9ECE72E397452005A118D /* NetworkUtil */,
			);
			path = Networking;
			sourceTree = "<group>";
		};
		8FF9ECD32E396BA0005A118D /* CommonComponent */ = {
			isa = PBXGroup;
			children = (
				8FF9ECDE2E3971C2005A118D /* ButtonComponent */,
				8FF9ECD42E396BFC005A118D /* GameCarousel.swift */,
				8FF9ECD62E396E20005A118D /* GameText.swift */,
				8F759EBC2E42F68C00866D77 /* GameLabel.swift */,
			);
			path = CommonComponent;
			sourceTree = "<group>";
		};
		8FF9ECDE2E3971C2005A118D /* ButtonComponent */ = {
			isa = PBXGroup;
			children = (
				8FF9ECD82E396FFD005A118D /* GameButton.swift */,
				8FF9ECDF2E3971F1005A118D /* ButtonType.swift */,
			);
			path = ButtonComponent;
			sourceTree = "<group>";
		};
		8FF9ECE12E3972DD005A118D /* GameServices */ = {
			isa = PBXGroup;
			children = (
				8FF9ECE22E39733B005A118D /* GameRepositoryProtocol.swift */,
				8FF9ECE42E39736F005A118D /* GameRepository.swift */,
			);
			path = GameServices;
			sourceTree = "<group>";
		};
		8FF9ECE72E397452005A118D /* NetworkUtil */ = {
			isa = PBXGroup;
			children = (
				8FF9ECB22E37DF6C005A118D /* RAWGAPI.swift */,
				8FF9ECB52E37EAF3005A118D /* RAWGAPI+EndPoints.swift */,
			);
			path = NetworkUtil;
			sourceTree = "<group>";
		};
/* End PBXGroup section */

/* Begin PBXNativeTarget section */
		8FF9EC772E331BC8005A118D /* GameExplorerRemastered */ = {
			isa = PBXNativeTarget;
			buildConfigurationList = 8FF9EC9C2E331BCA005A118D /* Build configuration list for PBXNativeTarget "GameExplorerRemastered" */;
			buildPhases = (
				8FF9EC742E331BC8005A118D /* Sources */,
				8FF9EC752E331BC8005A118D /* Frameworks */,
				8FF9EC762E331BC8005A118D /* Resources */,
			);
			buildRules = (
			);
			dependencies = (
			);
			name = GameExplorerRemastered;
			packageProductDependencies = (
			);
			productName = GameExplorerRemastered;
			productReference = 8FF9EC782E331BC8005A118D /* GameExplorerRemastered.app */;
			productType = "com.apple.product-type.application";
		};
		8FF9EC872E331BCA005A118D /* GameExplorerRemasteredTests */ = {
			isa = PBXNativeTarget;
			buildConfigurationList = 8FF9EC9F2E331BCA005A118D /* Build configuration list for PBXNativeTarget "GameExplorerRemasteredTests" */;
			buildPhases = (
				8FF9EC842E331BCA005A118D /* Sources */,
				8FF9EC852E331BCA005A118D /* Frameworks */,
				8FF9EC862E331BCA005A118D /* Resources */,
			);
			buildRules = (
			);
			dependencies = (
				8FF9EC8A2E331BCA005A118D /* PBXTargetDependency */,
			);
			name = GameExplorerRemasteredTests;
			productName = GameExplorerRemasteredTests;
			productReference = 8FF9EC882E331BCA005A118D /* GameExplorerRemasteredTests.xctest */;
			productType = "com.apple.product-type.bundle.unit-test";
		};
		8FF9EC912E331BCA005A118D /* GameExplorerRemasteredUITests */ = {
			isa = PBXNativeTarget;
			buildConfigurationList = 8FF9ECA22E331BCA005A118D /* Build configuration list for PBXNativeTarget "GameExplorerRemasteredUITests" */;
			buildPhases = (
				8FF9EC8E2E331BCA005A118D /* Sources */,
				8FF9EC8F2E331BCA005A118D /* Frameworks */,
				8FF9EC902E331BCA005A118D /* Resources */,
			);
			buildRules = (
			);
			dependencies = (
				8FF9EC942E331BCA005A118D /* PBXTargetDependency */,
			);
			name = GameExplorerRemasteredUITests;
			productName = GameExplorerRemasteredUITests;
			productReference = 8FF9EC922E331BCA005A118D /* GameExplorerRemasteredUITests.xctest */;
			productType = "com.apple.product-type.bundle.ui-testing";
		};
/* End PBXNativeTarget section */

/* Begin PBXProject section */
		8FF9EC702E331BC8005A118D /* Project object */ = {
			isa = PBXProject;
			attributes = {
				BuildIndependentTargetsInParallel = 1;
				LastSwiftUpdateCheck = 1530;
				LastUpgradeCheck = 1530;
				TargetAttributes = {
					8FF9EC772E331BC8005A118D = {
						CreatedOnToolsVersion = 15.3;
					};
					8FF9EC872E331BCA005A118D = {
						CreatedOnToolsVersion = 15.3;
						TestTargetID = 8FF9EC772E331BC8005A118D;
					};
					8FF9EC912E331BCA005A118D = {
						CreatedOnToolsVersion = 15.3;
						TestTargetID = 8FF9EC772E331BC8005A118D;
					};
				};
			};
			buildConfigurationList = 8FF9EC732E331BC8005A118D /* Build configuration list for PBXProject "GameExplorerRemastered" */;
			compatibilityVersion = "Xcode 15.3";
			developmentRegion = en;
			hasScannedForEncodings = 0;
			knownRegions = (
				en,
				Base,
			);
			mainGroup = 8FF9EC6F2E331BC8005A118D;
			packageReferences = (
			);
			productRefGroup = 8FF9EC792E331BC8005A118D /* Products */;
			projectDirPath = "";
			projectRoot = "";
			targets = (
				8FF9EC772E331BC8005A118D /* GameExplorerRemastered */,
				8FF9EC872E331BCA005A118D /* GameExplorerRemasteredTests */,
				8FF9EC912E331BCA005A118D /* GameExplorerRemasteredUITests */,
			);
		};
/* End PBXProject section */

/* Begin PBXResourcesBuildPhase section */
		8FF9EC762E331BC8005A118D /* Resources */ = {
			isa = PBXResourcesBuildPhase;
			buildActionMask = 2147483647;
			files = (
				8FF9EC832E331BCA005A118D /* Preview Assets.xcassets in Resources */,
				8FF9EC802E331BCA005A118D /* Assets.xcassets in Resources */,
			);
			runOnlyForDeploymentPostprocessing = 0;
		};
		8FF9EC862E331BCA005A118D /* Resources */ = {
			isa = PBXResourcesBuildPhase;
			buildActionMask = 2147483647;
			files = (
			);
			runOnlyForDeploymentPostprocessing = 0;
		};
		8FF9EC902E331BCA005A118D /* Resources */ = {
			isa = PBXResourcesBuildPhase;
			buildActionMask = 2147483647;
			files = (
			);
			runOnlyForDeploymentPostprocessing = 0;
		};
/* End PBXResourcesBuildPhase section */

/* Begin PBXSourcesBuildPhase section */
		8FF9EC742E331BC8005A118D /* Sources */ = {
			isa = PBXSourcesBuildPhase;
			buildActionMask = 2147483647;
			files = (
				8F3EB9A62E413AFA00489DB2 /* Store.swift in Sources */,
				8FF9ECDB2E3970A4005A118D /* NetworkService.swift in Sources */,
				8FF9ECE02E3971F1005A118D /* ButtonType.swift in Sources */,
				8FF9ECD72E396E20005A118D /* GameText.swift in Sources */,
				8FF9ECE32E39733B005A118D /* GameRepositoryProtocol.swift in Sources */,
				8FF9EC7E2E331BC8005A118D /* ContentView.swift in Sources */,
				8F759EBD2E42F68C00866D77 /* GameLabel.swift in Sources */,
				8FF9ECE52E39736F005A118D /* GameRepository.swift in Sources */,
				8FF9ECAA2E34A02D005A118D /* MenuView.swift in Sources */,
				8FF9EC7C2E331BC8005A118D /* GameExplorerRemasteredApp.swift in Sources */,
				8FF9ECD52E396BFC005A118D /* GameCarousel.swift in Sources */,
				8FF9ECB62E37EAF3005A118D /* RAWGAPI+EndPoints.swift in Sources */,
				8FF9ECB32E37DF6C005A118D /* RAWGAPI.swift in Sources */,
				8FF9ECD92E396FFD005A118D /* GameButton.swift in Sources */,
				8F3EB9AB2E413E7C00489DB2 /* GameItem.swift in Sources */,
				8FF9ECDD2E3970DE005A118D /* NetworkServiceProtocol.swift in Sources */,
				8F3EB9A92E413B9100489DB2 /* platform.swift in Sources */,
				8FF9ECB02E37DC1C005A118D /* Game.swift in Sources */,
				8F759EB82E42B32500866D77 /* Game+Extension.swift in Sources */,
			);
			runOnlyForDeploymentPostprocessing = 0;
		};
		8FF9EC842E331BCA005A118D /* Sources */ = {
			isa = PBXSourcesBuildPhase;
			buildActionMask = 2147483647;
			files = (
				8FF9EC8D2E331BCA005A118D /* GameExplorerRemasteredTests.swift in Sources */,
			);
			runOnlyForDeploymentPostprocessing = 0;
		};
		8FF9EC8E2E331BCA005A118D /* Sources */ = {
			isa = PBXSourcesBuildPhase;
			buildActionMask = 2147483647;
			files = (
				8FF9EC972E331BCA005A118D /* GameExplorerRemasteredUITests.swift in Sources */,
				8FF9EC992E331BCA005A118D /* GameExplorerRemasteredUITestsLaunchTests.swift in Sources */,
			);
			runOnlyForDeploymentPostprocessing = 0;
		};
/* End PBXSourcesBuildPhase section */

/* Begin PBXTargetDependency section */
		8FF9EC8A2E331BCA005A118D /* PBXTargetDependency */ = {
			isa = PBXTargetDependency;
			target = 8FF9EC772E331BC8005A118D /* GameExplorerRemastered */;
			targetProxy = 8FF9EC892E331BCA005A118D /* PBXContainerItemProxy */;
		};
		8FF9EC942E331BCA005A118D /* PBXTargetDependency */ = {
			isa = PBXTargetDependency;
			target = 8FF9EC772E331BC8005A118D /* GameExplorerRemastered */;
			targetProxy = 8FF9EC932E331BCA005A118D /* PBXContainerItemProxy */;
		};
/* End PBXTargetDependency section */

/* Begin XCBuildConfiguration section */
		8FF9EC9A2E331BCA005A118D /* Debug */ = {
			isa = XCBuildConfiguration;
			buildSettings = {
				ALWAYS_SEARCH_USER_PATHS = NO;
				ASSETCATALOG_COMPILER_GENERATE_SWIFT_ASSET_SYMBOL_EXTENSIONS = YES;
				CLANG_ANALYZER_NONNULL = YES;
				CLANG_ANALYZER_NUMBER_OBJECT_CONVERSION = YES_AGGRESSIVE;
				CLANG_CXX_LANGUAGE_STANDARD = "gnu++20";
				CLANG_ENABLE_MODULES = YES;
				CLANG_ENABLE_OBJC_ARC = YES;
				CLANG_ENABLE_OBJC_WEAK = YES;
				CLANG_WARN_BLOCK_CAPTURE_AUTORELEASING = YES;
				CLANG_WARN_BOOL_CONVERSION = YES;
				CLANG_WARN_COMMA = YES;
				CLANG_WARN_CONSTANT_CONVERSION = YES;
				CLANG_WARN_DEPRECATED_OBJC_IMPLEMENTATIONS = YES;
				CLANG_WARN_DIRECT_OBJC_ISA_USAGE = YES_ERROR;
				CLANG_WARN_DOCUMENTATION_COMMENTS = YES;
				CLANG_WARN_EMPTY_BODY = YES;
				CLANG_WARN_ENUM_CONVERSION = YES;
				CLANG_WARN_INFINITE_RECURSION = YES;
				CLANG_WARN_INT_CONVERSION = YES;
				CLANG_WARN_NON_LITERAL_NULL_CONVERSION = YES;
				CLANG_WARN_OBJC_IMPLICIT_RETAIN_SELF = YES;
				CLANG_WARN_OBJC_LITERAL_CONVERSION = YES;
				CLANG_WARN_OBJC_ROOT_CLASS = YES_ERROR;
				CLANG_WARN_QUOTED_INCLUDE_IN_FRAMEWORK_HEADER = YES;
				CLANG_WARN_RANGE_LOOP_ANALYSIS = YES;
				CLANG_WARN_STRICT_PROTOTYPES = YES;
				CLANG_WARN_SUSPICIOUS_MOVE = YES;
				CLANG_WARN_UNGUARDED_AVAILABILITY = YES_AGGRESSIVE;
				CLANG_WARN_UNREACHABLE_CODE = YES;
				CLANG_WARN__DUPLICATE_METHOD_MATCH = YES;
				COPY_PHASE_STRIP = NO;
				DEBUG_INFORMATION_FORMAT = dwarf;
				ENABLE_STRICT_OBJC_MSGSEND = YES;
				ENABLE_TESTABILITY = YES;
				ENABLE_USER_SCRIPT_SANDBOXING = YES;
				GCC_C_LANGUAGE_STANDARD = gnu17;
				GCC_DYNAMIC_NO_PIC = NO;
				GCC_NO_COMMON_BLOCKS = YES;
				GCC_OPTIMIZATION_LEVEL = 0;
				GCC_PREPROCESSOR_DEFINITIONS = (
					"DEBUG=1",
					"$(inherited)",
				);
				GCC_WARN_64_TO_32_BIT_CONVERSION = YES;
				GCC_WARN_ABOUT_RETURN_TYPE = YES_ERROR;
				GCC_WARN_UNDECLARED_SELECTOR = YES;
				GCC_WARN_UNINITIALIZED_AUTOS = YES_AGGRESSIVE;
				GCC_WARN_UNUSED_FUNCTION = YES;
				GCC_WARN_UNUSED_VARIABLE = YES;
				IPHONEOS_DEPLOYMENT_TARGET = 17.4;
				LOCALIZATION_PREFERS_STRING_CATALOGS = YES;
				MTL_ENABLE_DEBUG_INFO = INCLUDE_SOURCE;
				MTL_FAST_MATH = YES;
				ONLY_ACTIVE_ARCH = YES;
				SDKROOT = iphoneos;
				SWIFT_ACTIVE_COMPILATION_CONDITIONS = "DEBUG $(inherited)";
				SWIFT_OPTIMIZATION_LEVEL = "-Onone";
			};
			name = Debug;
		};
		8FF9EC9B2E331BCA005A118D /* Release */ = {
			isa = XCBuildConfiguration;
			buildSettings = {
				ALWAYS_SEARCH_USER_PATHS = NO;
				ASSETCATALOG_COMPILER_GENERATE_SWIFT_ASSET_SYMBOL_EXTENSIONS = YES;
				CLANG_ANALYZER_NONNULL = YES;
				CLANG_ANALYZER_NUMBER_OBJECT_CONVERSION = YES_AGGRESSIVE;
				CLANG_CXX_LANGUAGE_STANDARD = "gnu++20";
				CLANG_ENABLE_MODULES = YES;
				CLANG_ENABLE_OBJC_ARC = YES;
				CLANG_ENABLE_OBJC_WEAK = YES;
				CLANG_WARN_BLOCK_CAPTURE_AUTORELEASING = YES;
				CLANG_WARN_BOOL_CONVERSION = YES;
				CLANG_WARN_COMMA = YES;
				CLANG_WARN_CONSTANT_CONVERSION = YES;
				CLANG_WARN_DEPRECATED_OBJC_IMPLEMENTATIONS = YES;
				CLANG_WARN_DIRECT_OBJC_ISA_USAGE = YES_ERROR;
				CLANG_WARN_DOCUMENTATION_COMMENTS = YES;
				CLANG_WARN_EMPTY_BODY = YES;
				CLANG_WARN_ENUM_CONVERSION = YES;
				CLANG_WARN_INFINITE_RECURSION = YES;
				CLANG_WARN_INT_CONVERSION = YES;
				CLANG_WARN_NON_LITERAL_NULL_CONVERSION = YES;
				CLANG_WARN_OBJC_IMPLICIT_RETAIN_SELF = YES;
				CLANG_WARN_OBJC_LITERAL_CONVERSION = YES;
				CLANG_WARN_OBJC_ROOT_CLASS = YES_ERROR;
				CLANG_WARN_QUOTED_INCLUDE_IN_FRAMEWORK_HEADER = YES;
				CLANG_WARN_RANGE_LOOP_ANALYSIS = YES;
				CLANG_WARN_STRICT_PROTOTYPES = YES;
				CLANG_WARN_SUSPICIOUS_MOVE = YES;
				CLANG_WARN_UNGUARDED_AVAILABILITY = YES_AGGRESSIVE;
				CLANG_WARN_UNREACHABLE_CODE = YES;
				CLANG_WARN__DUPLICATE_METHOD_MATCH = YES;
				COPY_PHASE_STRIP = NO;
				DEBUG_INFORMATION_FORMAT = "dwarf-with-dsym";
				ENABLE_NS_ASSERTIONS = NO;
				ENABLE_STRICT_OBJC_MSGSEND = YES;
				ENABLE_USER_SCRIPT_SANDBOXING = YES;
				GCC_C_LANGUAGE_STANDARD = gnu17;
				GCC_NO_COMMON_BLOCKS = YES;
				GCC_WARN_64_TO_32_BIT_CONVERSION = YES;
				GCC_WARN_ABOUT_RETURN_TYPE = YES_ERROR;
				GCC_WARN_UNDECLARED_SELECTOR = YES;
				GCC_WARN_UNINITIALIZED_AUTOS = YES_AGGRESSIVE;
				GCC_WARN_UNUSED_FUNCTION = YES;
				GCC_WARN_UNUSED_VARIABLE = YES;
				IPHONEOS_DEPLOYMENT_TARGET = 17.4;
				LOCALIZATION_PREFERS_STRING_CATALOGS = YES;
				MTL_ENABLE_DEBUG_INFO = NO;
				MTL_FAST_MATH = YES;
				SDKROOT = iphoneos;
				SWIFT_COMPILATION_MODE = wholemodule;
				VALIDATE_PRODUCT = YES;
			};
			name = Release;
		};
		8FF9EC9D2E331BCA005A118D /* Debug */ = {
			isa = XCBuildConfiguration;
			buildSettings = {
				ASSETCATALOG_COMPILER_APPICON_NAME = AppIcon;
				ASSETCATALOG_COMPILER_GLOBAL_ACCENT_COLOR_NAME = AccentColor;
				CODE_SIGN_IDENTITY = "Apple Development";
				CODE_SIGN_STYLE = Automatic;
				CURRENT_PROJECT_VERSION = 1;
				DEVELOPMENT_ASSET_PATHS = "\"GameExplorerRemastered/Preview Content\"";
				DEVELOPMENT_TEAM = TL64PXWQWA;
				ENABLE_PREVIEWS = YES;
				ENABLE_USER_SCRIPT_SANDBOXING = YES;
				GENERATE_INFOPLIST_FILE = YES;
				INFOPLIST_FILE = GameExplorerRemastered/Info.plist;
				INFOPLIST_KEY_CFBundleDisplayName = GameExplorer;
				INFOPLIST_KEY_LSApplicationCategoryType = "public.app-category.education";
				INFOPLIST_KEY_UIApplicationSceneManifest_Generation = YES;
				INFOPLIST_KEY_UIApplicationSupportsIndirectInputEvents = YES;
				INFOPLIST_KEY_UILaunchScreen_Generation = YES;
				INFOPLIST_KEY_UIStatusBarStyle = "";
				INFOPLIST_KEY_UISupportedInterfaceOrientations_iPad = "UIInterfaceOrientationPortrait UIInterfaceOrientationPortraitUpsideDown UIInterfaceOrientationLandscapeLeft UIInterfaceOrientationLandscapeRight";
				INFOPLIST_KEY_UISupportedInterfaceOrientations_iPhone = "UIInterfaceOrientationPortrait UIInterfaceOrientationLandscapeLeft UIInterfaceOrientationLandscapeRight";
				LD_RUNPATH_SEARCH_PATHS = (
					"$(inherited)",
					"@executable_path/Frameworks",
				);
				MARKETING_VERSION = 1.0;
				PRODUCT_BUNDLE_IDENTIFIER = SHST.GameExplorerRemastered;
				PRODUCT_NAME = "$(TARGET_NAME)";
				PROVISIONING_PROFILE_SPECIFIER = "";
				SUPPORTED_PLATFORMS = "iphoneos iphonesimulator";
				SUPPORTS_MACCATALYST = NO;
				SUPPORTS_XR_DESIGNED_FOR_IPHONE_IPAD = NO;
				SWIFT_EMIT_LOC_STRINGS = YES;
				SWIFT_VERSION = 5.0;
				TARGETED_DEVICE_FAMILY = "1,2";
			};
			name = Debug;
		};
		8FF9EC9E2E331BCA005A118D /* Release */ = {
			isa = XCBuildConfiguration;
			buildSettings = {
				ASSETCATALOG_COMPILER_APPICON_NAME = AppIcon;
				ASSETCATALOG_COMPILER_GLOBAL_ACCENT_COLOR_NAME = AccentColor;
				CODE_SIGN_IDENTITY = "Apple Development";
				CODE_SIGN_STYLE = Automatic;
				CURRENT_PROJECT_VERSION = 1;
				DEVELOPMENT_ASSET_PATHS = "\"GameExplorerRemastered/Preview Content\"";
				DEVELOPMENT_TEAM = TL64PXWQWA;
				ENABLE_PREVIEWS = YES;
				ENABLE_USER_SCRIPT_SANDBOXING = YES;
				GENERATE_INFOPLIST_FILE = YES;
				INFOPLIST_FILE = GameExplorerRemastered/Info.plist;
				INFOPLIST_KEY_CFBundleDisplayName = GameExplorer;
				INFOPLIST_KEY_LSApplicationCategoryType = "public.app-category.education";
				INFOPLIST_KEY_UIApplicationSceneManifest_Generation = YES;
				INFOPLIST_KEY_UIApplicationSupportsIndirectInputEvents = YES;
				INFOPLIST_KEY_UILaunchScreen_Generation = YES;
				INFOPLIST_KEY_UIStatusBarStyle = "";
				INFOPLIST_KEY_UISupportedInterfaceOrientations_iPad = "UIInterfaceOrientationPortrait UIInterfaceOrientationPortraitUpsideDown UIInterfaceOrientationLandscapeLeft UIInterfaceOrientationLandscapeRight";
				INFOPLIST_KEY_UISupportedInterfaceOrientations_iPhone = "UIInterfaceOrientationPortrait UIInterfaceOrientationLandscapeLeft UIInterfaceOrientationLandscapeRight";
				LD_RUNPATH_SEARCH_PATHS = (
					"$(inherited)",
					"@executable_path/Frameworks",
				);
				MARKETING_VERSION = 1.0;
				PRODUCT_BUNDLE_IDENTIFIER = SHST.GameExplorerRemastered;
				PRODUCT_NAME = "$(TARGET_NAME)";
				PROVISIONING_PROFILE_SPECIFIER = "";
				SUPPORTED_PLATFORMS = "iphoneos iphonesimulator";
				SUPPORTS_MACCATALYST = NO;
				SUPPORTS_XR_DESIGNED_FOR_IPHONE_IPAD = NO;
				SWIFT_EMIT_LOC_STRINGS = YES;
				SWIFT_VERSION = 5.0;
				TARGETED_DEVICE_FAMILY = "1,2";
			};
			name = Release;
		};
		8FF9ECA02E331BCA005A118D /* Debug */ = {
			isa = XCBuildConfiguration;
			buildSettings = {
				ALWAYS_EMBED_SWIFT_STANDARD_LIBRARIES = YES;
				BUNDLE_LOADER = "$(TEST_HOST)";
				CODE_SIGN_STYLE = Automatic;
				CURRENT_PROJECT_VERSION = 1;
				DEVELOPMENT_TEAM = TL64PXWQWA;
				GENERATE_INFOPLIST_FILE = YES;
				IPHONEOS_DEPLOYMENT_TARGET = 17.4;
				MARKETING_VERSION = 1.0;
				PRODUCT_BUNDLE_IDENTIFIER = SHST.GameExplorerRemasteredTests;
				PRODUCT_NAME = "$(TARGET_NAME)";
				SWIFT_EMIT_LOC_STRINGS = NO;
				SWIFT_VERSION = 5.0;
				TARGETED_DEVICE_FAMILY = "1,2";
				TEST_HOST = "$(BUILT_PRODUCTS_DIR)/GameExplorerRemastered.app/$(BUNDLE_EXECUTABLE_FOLDER_PATH)/GameExplorerRemastered";
			};
			name = Debug;
		};
		8FF9ECA12E331BCA005A118D /* Release */ = {
			isa = XCBuildConfiguration;
			buildSettings = {
				ALWAYS_EMBED_SWIFT_STANDARD_LIBRARIES = YES;
				BUNDLE_LOADER = "$(TEST_HOST)";
				CODE_SIGN_STYLE = Automatic;
				CURRENT_PROJECT_VERSION = 1;
				DEVELOPMENT_TEAM = TL64PXWQWA;
				GENERATE_INFOPLIST_FILE = YES;
				IPHONEOS_DEPLOYMENT_TARGET = 17.4;
				MARKETING_VERSION = 1.0;
				PRODUCT_BUNDLE_IDENTIFIER = SHST.GameExplorerRemasteredTests;
				PRODUCT_NAME = "$(TARGET_NAME)";
				SWIFT_EMIT_LOC_STRINGS = NO;
				SWIFT_VERSION = 5.0;
				TARGETED_DEVICE_FAMILY = "1,2";
				TEST_HOST = "$(BUILT_PRODUCTS_DIR)/GameExplorerRemastered.app/$(BUNDLE_EXECUTABLE_FOLDER_PATH)/GameExplorerRemastered";
			};
			name = Release;
		};
		8FF9ECA32E331BCA005A118D /* Debug */ = {
			isa = XCBuildConfiguration;
			buildSettings = {
				ALWAYS_EMBED_SWIFT_STANDARD_LIBRARIES = YES;
				CODE_SIGN_STYLE = Automatic;
				CURRENT_PROJECT_VERSION = 1;
				DEVELOPMENT_TEAM = TL64PXWQWA;
				GENERATE_INFOPLIST_FILE = YES;
				MARKETING_VERSION = 1.0;
				PRODUCT_BUNDLE_IDENTIFIER = SHST.GameExplorerRemasteredUITests;
				PRODUCT_NAME = "$(TARGET_NAME)";
				SWIFT_EMIT_LOC_STRINGS = NO;
				SWIFT_VERSION = 5.0;
				TARGETED_DEVICE_FAMILY = "1,2";
				TEST_TARGET_NAME = GameExplorerRemastered;
			};
			name = Debug;
		};
		8FF9ECA42E331BCA005A118D /* Release */ = {
			isa = XCBuildConfiguration;
			buildSettings = {
				ALWAYS_EMBED_SWIFT_STANDARD_LIBRARIES = YES;
				CODE_SIGN_STYLE = Automatic;
				CURRENT_PROJECT_VERSION = 1;
				DEVELOPMENT_TEAM = TL64PXWQWA;
				GENERATE_INFOPLIST_FILE = YES;
				MARKETING_VERSION = 1.0;
				PRODUCT_BUNDLE_IDENTIFIER = SHST.GameExplorerRemasteredUITests;
				PRODUCT_NAME = "$(TARGET_NAME)";
				SWIFT_EMIT_LOC_STRINGS = NO;
				SWIFT_VERSION = 5.0;
				TARGETED_DEVICE_FAMILY = "1,2";
				TEST_TARGET_NAME = GameExplorerRemastered;
			};
			name = Release;
		};
/* End XCBuildConfiguration section */

/* Begin XCConfigurationList section */
		8FF9EC732E331BC8005A118D /* Build configuration list for PBXProject "GameExplorerRemastered" */ = {
			isa = XCConfigurationList;
			buildConfigurations = (
				8FF9EC9A2E331BCA005A118D /* Debug */,
				8FF9EC9B2E331BCA005A118D /* Release */,
			);
			defaultConfigurationIsVisible = 0;
			defaultConfigurationName = Release;
		};
		8FF9EC9C2E331BCA005A118D /* Build configuration list for PBXNativeTarget "GameExplorerRemastered" */ = {
			isa = XCConfigurationList;
			buildConfigurations = (
				8FF9EC9D2E331BCA005A118D /* Debug */,
				8FF9EC9E2E331BCA005A118D /* Release */,
			);
			defaultConfigurationIsVisible = 0;
			defaultConfigurationName = Release;
		};
		8FF9EC9F2E331BCA005A118D /* Build configuration list for PBXNativeTarget "GameExplorerRemasteredTests" */ = {
			isa = XCConfigurationList;
			buildConfigurations = (
				8FF9ECA02E331BCA005A118D /* Debug */,
				8FF9ECA12E331BCA005A118D /* Release */,
			);
			defaultConfigurationIsVisible = 0;
			defaultConfigurationName = Release;
		};
		8FF9ECA22E331BCA005A118D /* Build configuration list for PBXNativeTarget "GameExplorerRemasteredUITests" */ = {
			isa = XCConfigurationList;
			buildConfigurations = (
				8FF9ECA32E331BCA005A118D /* Debug */,
				8FF9ECA42E331BCA005A118D /* Release */,
			);
			defaultConfigurationIsVisible = 0;
			defaultConfigurationName = Release;
		};
/* End XCConfigurationList section */
	};
	rootObject = 8FF9EC702E331BC8005A118D /* Project object */;
}
